// !$*UTF8*$!
{
	archiveVersion = 1;
	classes = {
	};
	objectVersion = 46;
	objects = {

/* Begin PBXBuildFile section */
		1DCF40F414D76E1B0087E9B4 /* UIKit.framework in Frameworks */ = {isa = PBXBuildFile; fileRef = 1DCF40F314D76E1B0087E9B4 /* UIKit.framework */; };
		1DCF40F614D76E1B0087E9B4 /* Foundation.framework in Frameworks */ = {isa = PBXBuildFile; fileRef = 1DCF40F514D76E1B0087E9B4 /* Foundation.framework */; };
		1DCF40F814D76E1B0087E9B4 /* CoreGraphics.framework in Frameworks */ = {isa = PBXBuildFile; fileRef = 1DCF40F714D76E1B0087E9B4 /* CoreGraphics.framework */; };
		1DCF40FE14D76E1B0087E9B4 /* InfoPlist.strings in Resources */ = {isa = PBXBuildFile; fileRef = 1DCF40FC14D76E1B0087E9B4 /* InfoPlist.strings */; };
		1DCF410014D76E1B0087E9B4 /* main.m in Sources */ = {isa = PBXBuildFile; fileRef = 1DCF40FF14D76E1B0087E9B4 /* main.m */; };
		1DCF410414D76E1B0087E9B4 /* BMAppDelegate.m in Sources */ = {isa = PBXBuildFile; fileRef = 1DCF410314D76E1B0087E9B4 /* BMAppDelegate.m */; };
		1DCF410714D76E1B0087E9B4 /* BMViewController.m in Sources */ = {isa = PBXBuildFile; fileRef = 1DCF410614D76E1B0087E9B4 /* BMViewController.m */; };
		1DCF410A14D76E1B0087E9B4 /* BMViewController.xib in Resources */ = {isa = PBXBuildFile; fileRef = 1DCF410814D76E1B0087E9B4 /* BMViewController.xib */; };
/* End PBXBuildFile section */

/* Begin PBXFileReference section */
		1DCF40EF14D76E1B0087E9B4 /* Hello World.app */ = {isa = PBXFileReference; explicitFileType = wrapper.application; includeInIndex = 0; path = "Hello World.app"; sourceTree = BUILT_PRODUCTS_DIR; };
		1DCF40F314D76E1B0087E9B4 /* UIKit.framework */ = {isa = PBXFileReference; lastKnownFileType = wrapper.framework; name = UIKit.framework; path = System/Library/Frameworks/UIKit.framework; sourceTree = SDKROOT; };
		1DCF40F514D76E1B0087E9B4 /* Foundation.framework */ = {isa = PBXFileReference; lastKnownFileType = wrapper.framework; name = Foundation.framework; path = System/Library/Frameworks/Foundation.framework; sourceTree = SDKROOT; };
		1DCF40F714D76E1B0087E9B4 /* CoreGraphics.framework */ = {isa = PBXFileReference; lastKnownFileType = wrapper.framework; name = CoreGraphics.framework; path = System/Library/Frameworks/CoreGraphics.framework; sourceTree = SDKROOT; };
		1DCF40FB14D76E1B0087E9B4 /* Hello World-Info.plist */ = {isa = PBXFileReference; lastKnownFileType = text.plist.xml; path = "Hello World-Info.plist"; sourceTree = "<group>"; };
		1DCF40FD14D76E1B0087E9B4 /* en */ = {isa = PBXFileReference; lastKnownFileType = text.plist.strings; name = en; path = en.lproj/InfoPlist.strings; sourceTree = "<group>"; };
		1DCF40FF14D76E1B0087E9B4 /* main.m */ = {isa = PBXFileReference; lastKnownFileType = sourcecode.c.objc; path = main.m; sourceTree = "<group>"; };
		1DCF410114D76E1B0087E9B4 /* Hello World-Prefix.pch */ = {isa = PBXFileReference; lastKnownFileType = sourcecode.c.h; path = "Hello World-Prefix.pch"; sourceTree = "<group>"; };
		1DCF410214D76E1B0087E9B4 /* BMAppDelegate.h */ = {isa = PBXFileReference; lastKnownFileType = sourcecode.c.h; path = BMAppDelegate.h; sourceTree = "<group>"; };
		1DCF410314D76E1B0087E9B4 /* BMAppDelegate.m */ = {isa = PBXFileReference; lastKnownFileType = sourcecode.c.objc; path = BMAppDelegate.m; sourceTree = "<group>"; };
		1DCF410514D76E1B0087E9B4 /* BMViewController.h */ = {isa = PBXFileReference; lastKnownFileType = sourcecode.c.h; path = BMViewController.h; sourceTree = "<group>"; };
		1DCF410614D76E1B0087E9B4 /* BMViewController.m */ = {isa = PBXFileReference; lastKnownFileType = sourcecode.c.objc; path = BMViewController.m; sourceTree = "<group>"; };
		1DCF410914D76E1B0087E9B4 /* en */ = {isa = PBXFileReference; lastKnownFileType = file.xib; name = en; path = en.lproj/BMViewController.xib; sourceTree = "<group>"; };
/* End PBXFileReference section */

/* Begin PBXFrameworksBuildPhase section */
		1DCF40EC14D76E1B0087E9B4 /* Frameworks */ = {
			isa = PBXFrameworksBuildPhase;
			buildActionMask = 2147483647;
			files = (
				1DCF40F414D76E1B0087E9B4 /* UIKit.framework in Frameworks */,
				1DCF40F614D76E1B0087E9B4 /* Foundation.framework in Frameworks */,
				1DCF40F814D76E1B0087E9B4 /* CoreGraphics.framework in Frameworks */,
			);
			runOnlyForDeploymentPostprocessing = 0;
		};
/* End PBXFrameworksBuildPhase section */

/* Begin PBXGroup section */
		1DCF40E414D76E1A0087E9B4 = {
			isa = PBXGroup;
			children = (
				1DCF40F914D76E1B0087E9B4 /* Hello World */,
				1DCF40F214D76E1B0087E9B4 /* Frameworks */,
				1DCF40F014D76E1B0087E9B4 /* Products */,
			);
			sourceTree = "<group>";
		};
		1DCF40F014D76E1B0087E9B4 /* Products */ = {
			isa = PBXGroup;
			children = (
				1DCF40EF14D76E1B0087E9B4 /* Hello World.app */,
			);
			name = Products;
			sourceTree = "<group>";
		};
		1DCF40F214D76E1B0087E9B4 /* Frameworks */ = {
			isa = PBXGroup;
			children = (
				1DCF40F314D76E1B0087E9B4 /* UIKit.framework */,
				1DCF40F514D76E1B0087E9B4 /* Foundation.framework */,
				1DCF40F714D76E1B0087E9B4 /* CoreGraphics.framework */,
			);
			name = Frameworks;
			sourceTree = "<group>";
		};
		1DCF40F914D76E1B0087E9B4 /* Hello World */ = {
			isa = PBXGroup;
			children = (
				1DCF410214D76E1B0087E9B4 /* BMAppDelegate.h */,
				1DCF410314D76E1B0087E9B4 /* BMAppDelegate.m */,
				1DCF410514D76E1B0087E9B4 /* BMViewController.h */,
				1DCF410614D76E1B0087E9B4 /* BMViewController.m */,
				1DCF410814D76E1B0087E9B4 /* BMViewController.xib */,
				1DCF40FA14D76E1B0087E9B4 /* Supporting Files */,
			);
			path = "Hello World";
			sourceTree = "<group>";
		};
		1DCF40FA14D76E1B0087E9B4 /* Supporting Files */ = {
			isa = PBXGroup;
			children = (
				1DCF40FB14D76E1B0087E9B4 /* Hello World-Info.plist */,
				1DCF40FC14D76E1B0087E9B4 /* InfoPlist.strings */,
				1DCF40FF14D76E1B0087E9B4 /* main.m */,
				1DCF410114D76E1B0087E9B4 /* Hello World-Prefix.pch */,
			);
			name = "Supporting Files";
			sourceTree = "<group>";
		};
/* End PBXGroup section */

/* Begin PBXNativeTarget section */
		1DCF40EE14D76E1B0087E9B4 /* Hello World */ = {
			isa = PBXNativeTarget;
			buildConfigurationList = 1DCF410D14D76E1B0087E9B4 /* Build configuration list for PBXNativeTarget "Hello World" */;
			buildPhases = (
				1DCF40EB14D76E1B0087E9B4 /* Sources */,
				1DCF40EC14D76E1B0087E9B4 /* Frameworks */,
				1DCF40ED14D76E1B0087E9B4 /* Resources */,
			);
			buildRules = (
			);
			dependencies = (
			);
			name = "Hello World";
			productName = "Hello World";
			productReference = 1DCF40EF14D76E1B0087E9B4 /* Hello World.app */;
			productType = "com.apple.product-type.application";
		};
/* End PBXNativeTarget section */

/* Begin PBXProject section */
		1DCF40E614D76E1A0087E9B4 /* Project object */ = {
			isa = PBXProject;
			attributes = {
				LastUpgradeCheck = 0420;
				ORGANIZATIONNAME = Puc;
			};
			buildConfigurationList = 1DCF40E914D76E1A0087E9B4 /* Build configuration list for PBXProject "Hello World" */;
			compatibilityVersion = "Xcode 3.2";
			developmentRegion = English;
			hasScannedForEncodings = 0;
			knownRegions = (
				en,
			);
			mainGroup = 1DCF40E414D76E1A0087E9B4;
			productRefGroup = 1DCF40F014D76E1B0087E9B4 /* Products */;
			projectDirPath = "";
			projectRoot = "";
			targets = (
				1DCF40EE14D76E1B0087E9B4 /* Hello World */,
			);
		};
/* End PBXProject section */

/* Begin PBXResourcesBuildPhase section */
		1DCF40ED14D76E1B0087E9B4 /* Resources */ = {
			isa = PBXResourcesBuildPhase;
			buildActionMask = 2147483647;
			files = (
				1DCF40FE14D76E1B0087E9B4 /* InfoPlist.strings in Resources */,
				1DCF410A14D76E1B0087E9B4 /* BMViewController.xib in Resources */,
			);
			runOnlyForDeploymentPostprocessing = 0;
		};
/* End PBXResourcesBuildPhase section */

/* Begin PBXSourcesBuildPhase section */
		1DCF40EB14D76E1B0087E9B4 /* Sources */ = {
			isa = PBXSourcesBuildPhase;
			buildActionMask = 2147483647;
			files = (
				1DCF410014D76E1B0087E9B4 /* main.m in Sources */,
				1DCF410414D76E1B0087E9B4 /* BMAppDelegate.m in Sources */,
				1DCF410714D76E1B0087E9B4 /* BMViewController.m in Sources */,
			);
			runOnlyForDeploymentPostprocessing = 0;
		};
/* End PBXSourcesBuildPhase section */

/* Begin PBXVariantGroup section */
		1DCF40FC14D76E1B0087E9B4 /* InfoPlist.strings */ = {
			isa = PBXVariantGroup;
			children = (
				1DCF40FD14D76E1B0087E9B4 /* en */,
			);
			name = InfoPlist.strings;
			sourceTree = "<group>";
		};
		1DCF410814D76E1B0087E9B4 /* BMViewController.xib */ = {
			isa = PBXVariantGroup;
			children = (
				1DCF410914D76E1B0087E9B4 /* en */,
			);
			name = BMViewController.xib;
			sourceTree = "<group>";
		};
/* End PBXVariantGroup section */

/* Begin XCBuildConfiguration section */
		1DCF410B14D76E1B0087E9B4 /* Debug */ = {
			isa = XCBuildConfiguration;
			buildSettings = {
				ALWAYS_SEARCH_USER_PATHS = NO;
				ARCHS = "$(ARCHS_STANDARD_32_BIT)";
				CLANG_ENABLE_OBJC_ARC = YES;
				"CODE_SIGN_IDENTITY[sdk=iphoneos*]" = "iPhone Developer";
				COPY_PHASE_STRIP = NO;
				GCC_C_LANGUAGE_STANDARD = gnu99;
				GCC_DYNAMIC_NO_PIC = NO;
				GCC_OPTIMIZATION_LEVEL = 0;
				GCC_PREPROCESSOR_DEFINITIONS = (
					"DEBUG=1",
					"$(inherited)",
				);
				GCC_SYMBOLS_PRIVATE_EXTERN = NO;
				GCC_VERSION = com.apple.compilers.llvm.clang.1_0;
				GCC_WARN_ABOUT_MISSING_PROTOTYPES = YES;
				GCC_WARN_ABOUT_RETURN_TYPE = YES;
				GCC_WARN_UNUSED_VARIABLE = YES;
				IPHONEOS_DEPLOYMENT_TARGET = 5.0;
				SDKROOT = iphoneos;
			};
			name = Debug;
		};
		1DCF410C14D76E1B0087E9B4 /* Release */ = {
			isa = XCBuildConfiguration;
			buildSettings = {
				ALWAYS_SEARCH_USER_PATHS = NO;
				ARCHS = "$(ARCHS_STANDARD_32_BIT)";
				CLANG_ENABLE_OBJC_ARC = YES;
				"CODE_SIGN_IDENTITY[sdk=iphoneos*]" = "iPhone Developer";
				COPY_PHASE_STRIP = YES;
				GCC_C_LANGUAGE_STANDARD = gnu99;
				GCC_VERSION = com.apple.compilers.llvm.clang.1_0;
				GCC_WARN_ABOUT_MISSING_PROTOTYPES = YES;
				GCC_WARN_ABOUT_RETURN_TYPE = YES;
				GCC_WARN_UNUSED_VARIABLE = YES;
				IPHONEOS_DEPLOYMENT_TARGET = 5.0;
				OTHER_CFLAGS = "-DNS_BLOCK_ASSERTIONS=1";
				SDKROOT = iphoneos;
				VALIDATE_PRODUCT = YES;
			};
			name = Release;
		};
		1DCF410E14D76E1B0087E9B4 /* Debug */ = {
			isa = XCBuildConfiguration;
			buildSettings = {
				GCC_PRECOMPILE_PREFIX_HEADER = YES;
				GCC_PREFIX_HEADER = "Hello World/Hello World-Prefix.pch";
				INFOPLIST_FILE = "Hello World/Hello World-Info.plist";
				PRODUCT_NAME = "$(TARGET_NAME)";
				WRAPPER_EXTENSION = app;
			};
			name = Debug;
		};
		1DCF410F14D76E1B0087E9B4 /* Release */ = {
			isa = XCBuildConfiguration;
			buildSettings = {
				GCC_PRECOMPILE_PREFIX_HEADER = YES;
				GCC_PREFIX_HEADER = "Hello World/Hello World-Prefix.pch";
				INFOPLIST_FILE = "Hello World/Hello World-Info.plist";
				PRODUCT_NAME = "$(TARGET_NAME)";
				WRAPPER_EXTENSION = app;
			};
			name = Release;
		};
/* End XCBuildConfiguration section */

/* Begin XCConfigurationList section */
		1DCF40E914D76E1A0087E9B4 /* Build configuration list for PBXProject "Hello World" */ = {
			isa = XCConfigurationList;
			buildConfigurations = (
				1DCF410B14D76E1B0087E9B4 /* Debug */,
				1DCF410C14D76E1B0087E9B4 /* Release */,
			);
			defaultConfigurationIsVisible = 0;
			defaultConfigurationName = Release;
		};
		1DCF410D14D76E1B0087E9B4 /* Build configuration list for PBXNativeTarget "Hello World" */ = {
			isa = XCConfigurationList;
			buildConfigurations = (
				1DCF410E14D76E1B0087E9B4 /* Debug */,
				1DCF410F14D76E1B0087E9B4 /* Release */,
			);
			defaultConfigurationIsVisible = 0;
		};
/* End XCConfigurationList section */
	};
	rootObject = 1DCF40E614D76E1A0087E9B4 /* Project object */;
}
